schema: '2.0'
stages:
  train:
    cmd: python -m src.pipelines.training_pipeline
    deps:
    - path: params.yaml
      hash: md5
      md5: ba442a28bccc888ccbf3df1aedd07efd
      size: 908
    - path: src/data/load_dataset.py
      hash: md5
      md5: f1043c5f82efb24d96c80d0652f03528
      size: 567
    - path: src/data/raw/Symptom2Disease.csv
      hash: md5
      md5: eeda3e295d50116a3c0aecaa9037df4d
      size: 229852
    - path: src/features/preprocess.py
      hash: md5
      md5: a886fed9c9f581050b079f2285b85f15
      size: 967
    - path: src/models/train.py
      hash: md5
      md5: a8374db481707cd54330e300822bd381
      size: 4563
    - path: src/pipelines/training_pipeline.py
      hash: md5
      md5: b0e7fe5735a14214db6c7f4da8f1aadc
      size: 4038
    params:
      params.yaml:
        data:
          raw_path: src/data/raw/Symptom2Disease.csv
          target_column: label
          text_column: text
          drop_columns:
          - 'Unnamed: 0'
          test_size: 0.15
          val_size: 0.15
          random_state: 42
        features:
          tfidf_ngram_range:
          - 1
          - 2
          tfidf_max_features: 20000
        model:
          type: naive_bayes
          logistic_c: 1.0
          logistic_max_iter: 1000
          logistic_solver: lbfgs
          random_state: 42
          rf_n_estimators: 100
          rf_max_depth:
          svm_c: 1.0
          svm_max_iter: 2000
          nb_alpha: 1.0
        training:
          experiment_name: devlocare-training
          run_name: nb_tfidf_unibi_val
          model_output_path: models/model.pkl
    outs:
    - path: metrics/scores.json
      hash: md5
      md5: efadd92a45575ac4f99082f8d5916805
      size: 232
    - path: models/model.pkl
      hash: md5
      md5: 7e6fe2e9e379d66d2d2984a2b89a63c4
      size: 3711745
