schema: '2.0'
stages:
  train:
    cmd: python -m src.pipelines.training_pipeline
    deps:
    - path: params.yaml
      hash: md5
      md5: 0b6849b12f333562a817dddada09c1e9
      size: 924
    - path: src/data/load_dataset.py
      hash: md5
      md5: f1043c5f82efb24d96c80d0652f03528
      size: 567
    - path: src/data/raw/Symptom2Disease.csv
      hash: md5
      md5: eeda3e295d50116a3c0aecaa9037df4d
      size: 229852
    - path: src/features/preprocess.py
      hash: md5
      md5: a886fed9c9f581050b079f2285b85f15
      size: 967
    - path: src/models/train.py
      hash: md5
      md5: f95adfcac3d909a20d6290d539c31068
      size: 4983
    - path: src/pipelines/training_pipeline.py
      hash: md5
      md5: f7a620cb5c8f4d24c2548a481ac3187d
      size: 4087
    params:
      params.yaml:
        data:
          raw_path: src/data/raw/Symptom2Disease.csv
          target_column: label
          text_column: text
          drop_columns:
          - 'Unnamed: 0'
          test_size: 0.15
          val_size: 0.15
          random_state: 42
        features:
          tfidf_ngram_range:
          - 1
          - 2
          tfidf_max_features: 20000
        model:
          type: linear_svc
          logistic_c: 1.0
          logistic_max_iter: 1000
          logistic_solver: lbfgs
          random_state: 42
          rf_n_estimators: 100
          rf_max_depth:
          svm_c: 1.0
          svm_max_iter: 2000
          nb_alpha: 1.0
        training:
          cv_folds: 5
          experiment_name: devlocare-training
          run_name: lsvc_tfidf_unibi_cv5
          model_output_path: models/model.pkl
    outs:
    - path: metrics/scores.json
      hash: md5
      md5: 9ce3f41fcc890f66b43f77c821ef24bd
      size: 318
    - path: models/model.pkl
      hash: md5
      md5: b9fd391af7ded7468e5731581bde0399
      size: 2033288
